
Microsoft Visual Studio Solution File, Format Version 12.00
# Visual Studio 15
VisualStudioVersion = 15.0.27130.2026
MinimumVisualStudioVersion = 10.0.40219.1
Project("{FAE04EC0-301F-11D3-BF4B-00C04F79EFBC}") = "VisualStudionDemo", "VisualStudionDemo\VisualStudionDemo.csproj", "{AF2393AF-2EA9-443E-89F9-CB1800878D04}"
EndProject
Global
	GlobalSection(SolutionConfigurationPlatforms) = preSolution
		Debug|Any CPU = Debug|Any CPU
		Release|Any CPU = Release|Any CPU
	EndGlobalSection
	GlobalSection(ProjectConfigurationPlatforms) = postSolution
		{AF2393AF-2EA9-443E-89F9-CB1800878D04}.Debug|Any CPU.ActiveCfg = Debug|Any CPU
		{AF2393AF-2EA9-443E-89F9-CB1800878D04}.Debug|Any CPU.Build.0 = Debug|Any CPU
		{AF2393AF-2EA9-443E-89F9-CB1800878D04}.Release|Any CPU.ActiveCfg = Release|Any CPU
		{AF2393AF-2EA9-443E-89F9-CB1800878D04}.Release|Any CPU.Build.0 = Release|Any CPU
	EndGlobalSection
	GlobalSection(SolutionProperties) = preSolution
		HideSolutionNode = FALSE
	EndGlobalSection
	GlobalSection(ExtensibilityGlobals) = postSolution
		SolutionGuid = {E4B69562-E4D9-4B78-83A0-7FA20E91DC98}
	EndGlobalSection
EndGlobal
